
Microsoft Visual Studio Solution File, Format Version 12.00
Project("{FAE04EC0-301F-11D3-BF4B-00C04F79EFBC}") = "API", "API\API.csproj", "{C5E140B2-C80F-40A8-897C-EF44B27222BD}"
EndProject
Project("{FAE04EC0-301F-11D3-BF4B-00C04F79EFBC}") = "Domain", "Domain\Domain.csproj", "{4E96D32C-7C2D-4366-8D71-C6A097D2724D}"
EndProject
Project("{FAE04EC0-301F-11D3-BF4B-00C04F79EFBC}") = "Data", "Data\Data.csproj", "{DAE768FF-2D00-4155-8138-63742E0FC05E}"
EndProject
Project("{FAE04EC0-301F-11D3-BF4B-00C04F79EFBC}") = "IntegrationTests", "IntegrationTests\IntegrationTests.csproj", "{8854DAA7-40F2-4D97-A053-011C14486918}"
EndProject
Global
	GlobalSection(SolutionConfigurationPlatforms) = preSolution
		Debug|Any CPU = Debug|Any CPU
		Release|Any CPU = Release|Any CPU
	EndGlobalSection
	GlobalSection(ProjectConfigurationPlatforms) = postSolution
		{C5E140B2-C80F-40A8-897C-EF44B27222BD}.Debug|Any CPU.ActiveCfg = Debug|Any CPU
		{C5E140B2-C80F-40A8-897C-EF44B27222BD}.Debug|Any CPU.Build.0 = Debug|Any CPU
		{C5E140B2-C80F-40A8-897C-EF44B27222BD}.Release|Any CPU.ActiveCfg = Release|Any CPU
		{C5E140B2-C80F-40A8-897C-EF44B27222BD}.Release|Any CPU.Build.0 = Release|Any CPU
		{4E96D32C-7C2D-4366-8D71-C6A097D2724D}.Debug|Any CPU.ActiveCfg = Debug|Any CPU
		{4E96D32C-7C2D-4366-8D71-C6A097D2724D}.Debug|Any CPU.Build.0 = Debug|Any CPU
		{4E96D32C-7C2D-4366-8D71-C6A097D2724D}.Release|Any CPU.ActiveCfg = Release|Any CPU
		{4E96D32C-7C2D-4366-8D71-C6A097D2724D}.Release|Any CPU.Build.0 = Release|Any CPU
		{DAE768FF-2D00-4155-8138-63742E0FC05E}.Debug|Any CPU.ActiveCfg = Debug|Any CPU
		{DAE768FF-2D00-4155-8138-63742E0FC05E}.Debug|Any CPU.Build.0 = Debug|Any CPU
		{DAE768FF-2D00-4155-8138-63742E0FC05E}.Release|Any CPU.ActiveCfg = Release|Any CPU
		{DAE768FF-2D00-4155-8138-63742E0FC05E}.Release|Any CPU.Build.0 = Release|Any CPU
		{8854DAA7-40F2-4D97-A053-011C14486918}.Debug|Any CPU.ActiveCfg = Debug|Any CPU
		{8854DAA7-40F2-4D97-A053-011C14486918}.Debug|Any CPU.Build.0 = Debug|Any CPU
		{8854DAA7-40F2-4D97-A053-011C14486918}.Release|Any CPU.ActiveCfg = Release|Any CPU
		{8854DAA7-40F2-4D97-A053-011C14486918}.Release|Any CPU.Build.0 = Release|Any CPU
	EndGlobalSection
EndGlobal
